
Microsoft Visual Studio Solution File, Format Version 12.00
# Visual Studio Version 16
VisualStudioVersion = 16.0.29306.81
MinimumVisualStudioVersion = 10.0.40219.1
Project("{FAE04EC0-301F-11D3-BF4B-00C04F79EFBC}") = "MQTTbroker", "MQTTbroker\MQTTbroker.csproj", "{03D7F98C-03AD-4F74-B950-7D845EE33D00}"
EndProject
Project("{FAE04EC0-301F-11D3-BF4B-00C04F79EFBC}") = "MQTTclient", "MQTTclient\MQTTclient.csproj", "{75CE7A99-EE4B-41CB-8705-C34540D70F36}"
EndProject
Global
	GlobalSection(SolutionConfigurationPlatforms) = preSolution
		Debug|Any CPU = Debug|Any CPU
		Release|Any CPU = Release|Any CPU
	EndGlobalSection
	GlobalSection(ProjectConfigurationPlatforms) = postSolution
		{03D7F98C-03AD-4F74-B950-7D845EE33D00}.Debug|Any CPU.ActiveCfg = Debug|Any CPU
		{03D7F98C-03AD-4F74-B950-7D845EE33D00}.Debug|Any CPU.Build.0 = Debug|Any CPU
		{03D7F98C-03AD-4F74-B950-7D845EE33D00}.Release|Any CPU.ActiveCfg = Release|Any CPU
		{03D7F98C-03AD-4F74-B950-7D845EE33D00}.Release|Any CPU.Build.0 = Release|Any CPU
		{75CE7A99-EE4B-41CB-8705-C34540D70F36}.Debug|Any CPU.ActiveCfg = Debug|Any CPU
		{75CE7A99-EE4B-41CB-8705-C34540D70F36}.Debug|Any CPU.Build.0 = Debug|Any CPU
		{75CE7A99-EE4B-41CB-8705-C34540D70F36}.Release|Any CPU.ActiveCfg = Release|Any CPU
		{75CE7A99-EE4B-41CB-8705-C34540D70F36}.Release|Any CPU.Build.0 = Release|Any CPU
	EndGlobalSection
	GlobalSection(SolutionProperties) = preSolution
		HideSolutionNode = FALSE
	EndGlobalSection
	GlobalSection(ExtensibilityGlobals) = postSolution
		SolutionGuid = {7C0F7776-39EA-431A-A187-E9FBAA675A49}
	EndGlobalSection
EndGlobal
